
Microsoft Visual Studio Solution File, Format Version 12.00
# Visual Studio Version 17
VisualStudioVersion = 17.2.32526.322
MinimumVisualStudioVersion = 10.0.40219.1
Project("{FAE04EC0-301F-11D3-BF4B-00C04F79EFBC}") = "studentadminportal.api", "studentadminportal.api\studentadminportal.api.csproj", "{94327728-93F5-49BE-BC2A-E307E964E413}"
EndProject
Global
	GlobalSection(SolutionConfigurationPlatforms) = preSolution
		Debug|Any CPU = Debug|Any CPU
		Release|Any CPU = Release|Any CPU
	EndGlobalSection
	GlobalSection(ProjectConfigurationPlatforms) = postSolution
		{94327728-93F5-49BE-BC2A-E307E964E413}.Debug|Any CPU.ActiveCfg = Debug|Any CPU
		{94327728-93F5-49BE-BC2A-E307E964E413}.Debug|Any CPU.Build.0 = Debug|Any CPU
		{94327728-93F5-49BE-BC2A-E307E964E413}.Release|Any CPU.ActiveCfg = Release|Any CPU
		{94327728-93F5-49BE-BC2A-E307E964E413}.Release|Any CPU.Build.0 = Release|Any CPU
	EndGlobalSection
	GlobalSection(SolutionProperties) = preSolution
		HideSolutionNode = FALSE
	EndGlobalSection
	GlobalSection(ExtensibilityGlobals) = postSolution
		SolutionGuid = {748360B9-4523-4B8B-AAB2-48DC353891CC}
	EndGlobalSection
EndGlobal
